
Microsoft Visual Studio Solution File, Format Version 12.00
# Visual Studio 15
VisualStudioVersion = 15.0.28307.902
MinimumVisualStudioVersion = 10.0.40219.1
Project("{FAE04EC0-301F-11D3-BF4B-00C04F79EFBC}") = "InventoryManagement", "InventoryManagement\InventoryManagement.csproj", "{27E4C894-F0F1-429B-A821-2DF0CE704B85}"
EndProject
Global
	GlobalSection(SolutionConfigurationPlatforms) = preSolution
		Debug|Any CPU = Debug|Any CPU
		Release|Any CPU = Release|Any CPU
	EndGlobalSection
	GlobalSection(ProjectConfigurationPlatforms) = postSolution
		{27E4C894-F0F1-429B-A821-2DF0CE704B85}.Debug|Any CPU.ActiveCfg = Debug|Any CPU
		{27E4C894-F0F1-429B-A821-2DF0CE704B85}.Debug|Any CPU.Build.0 = Debug|Any CPU
		{27E4C894-F0F1-429B-A821-2DF0CE704B85}.Release|Any CPU.ActiveCfg = Release|Any CPU
		{27E4C894-F0F1-429B-A821-2DF0CE704B85}.Release|Any CPU.Build.0 = Release|Any CPU
	EndGlobalSection
	GlobalSection(SolutionProperties) = preSolution
		HideSolutionNode = FALSE
	EndGlobalSection
	GlobalSection(ExtensibilityGlobals) = postSolution
		SolutionGuid = {27C69714-F052-4907-A820-5B626C7FB95C}
	EndGlobalSection
EndGlobal
